
Microsoft Visual Studio Solution File, Format Version 12.00
# Visual Studio Version 17
VisualStudioVersion = 17.10.35004.147
MinimumVisualStudioVersion = 10.0.40219.1
Project("{9A19103F-16F7-4668-BE54-9A1E7A4F7556}") = "IdentityService.API", "src\IdentityService.API\IdentityService.API.csproj", "{36C289AC-B0F3-4AF9-9F0B-02EBE4B4D657}"
EndProject
Project("{2150E333-8FDC-42A3-9474-1A3956D46DE8}") = "src", "src", "{D8D13A25-FF5D-4F7C-AA1F-31BD68FFC4AE}"
EndProject
Project("{2150E333-8FDC-42A3-9474-1A3956D46DE8}") = "services", "services", "{F16CB058-54D8-412C-A42B-1117E8AB67BF}"
EndProject
Project("{2150E333-8FDC-42A3-9474-1A3956D46DE8}") = "shared", "shared", "{29F84EE8-C122-48E6-93ED-397E3CE72561}"
EndProject
Project("{FAE04EC0-301F-11D3-BF4B-00C04F79EFBC}") = "SharedLib.Domain", "..\SharedLib\src\SharedLib.Domain\SharedLib.Domain.csproj", "{7794A73A-F7D6-4B3F-985F-1B64AA7FB790}"
EndProject
Project("{FAE04EC0-301F-11D3-BF4B-00C04F79EFBC}") = "SharedLib.MessageBus", "..\SharedLib\src\SharedLib.MessageBus\SharedLib.MessageBus.csproj", "{278F8340-C2E6-476A-B6CC-7D76F5B3B73D}"
EndProject
Global
	GlobalSection(SolutionConfigurationPlatforms) = preSolution
		Debug|Any CPU = Debug|Any CPU
		Release|Any CPU = Release|Any CPU
	EndGlobalSection
	GlobalSection(ProjectConfigurationPlatforms) = postSolution
		{36C289AC-B0F3-4AF9-9F0B-02EBE4B4D657}.Debug|Any CPU.ActiveCfg = Debug|Any CPU
		{36C289AC-B0F3-4AF9-9F0B-02EBE4B4D657}.Debug|Any CPU.Build.0 = Debug|Any CPU
		{36C289AC-B0F3-4AF9-9F0B-02EBE4B4D657}.Release|Any CPU.ActiveCfg = Release|Any CPU
		{36C289AC-B0F3-4AF9-9F0B-02EBE4B4D657}.Release|Any CPU.Build.0 = Release|Any CPU
		{7794A73A-F7D6-4B3F-985F-1B64AA7FB790}.Debug|Any CPU.ActiveCfg = Debug|Any CPU
		{7794A73A-F7D6-4B3F-985F-1B64AA7FB790}.Debug|Any CPU.Build.0 = Debug|Any CPU
		{7794A73A-F7D6-4B3F-985F-1B64AA7FB790}.Release|Any CPU.ActiveCfg = Release|Any CPU
		{7794A73A-F7D6-4B3F-985F-1B64AA7FB790}.Release|Any CPU.Build.0 = Release|Any CPU
		{278F8340-C2E6-476A-B6CC-7D76F5B3B73D}.Debug|Any CPU.ActiveCfg = Debug|Any CPU
		{278F8340-C2E6-476A-B6CC-7D76F5B3B73D}.Debug|Any CPU.Build.0 = Debug|Any CPU
		{278F8340-C2E6-476A-B6CC-7D76F5B3B73D}.Release|Any CPU.ActiveCfg = Release|Any CPU
		{278F8340-C2E6-476A-B6CC-7D76F5B3B73D}.Release|Any CPU.Build.0 = Release|Any CPU
	EndGlobalSection
	GlobalSection(SolutionProperties) = preSolution
		HideSolutionNode = FALSE
	EndGlobalSection
	GlobalSection(NestedProjects) = preSolution
		{36C289AC-B0F3-4AF9-9F0B-02EBE4B4D657} = {F16CB058-54D8-412C-A42B-1117E8AB67BF}
		{F16CB058-54D8-412C-A42B-1117E8AB67BF} = {D8D13A25-FF5D-4F7C-AA1F-31BD68FFC4AE}
		{29F84EE8-C122-48E6-93ED-397E3CE72561} = {D8D13A25-FF5D-4F7C-AA1F-31BD68FFC4AE}
		{7794A73A-F7D6-4B3F-985F-1B64AA7FB790} = {29F84EE8-C122-48E6-93ED-397E3CE72561}
		{278F8340-C2E6-476A-B6CC-7D76F5B3B73D} = {29F84EE8-C122-48E6-93ED-397E3CE72561}
	EndGlobalSection
	GlobalSection(ExtensibilityGlobals) = postSolution
		SolutionGuid = {31E85314-1E0A-4E97-8E30-7E6880695234}
	EndGlobalSection
EndGlobal
